
Microsoft Visual Studio Solution File, Format Version 12.00
# Visual Studio Version 17
VisualStudioVersion = 17.13.35806.99 d17.13
MinimumVisualStudioVersion = 10.0.40219.1
Project("{FAE04EC0-301F-11D3-BF4B-00C04F79EFBC}") = "Portafolio", "Portafolio\Portafolio.csproj", "{D81F637B-87D9-4374-AED8-F4E1FC490216}"
EndProject
Global
	GlobalSection(SolutionConfigurationPlatforms) = preSolution
		Debug|Any CPU = Debug|Any CPU
		Release|Any CPU = Release|Any CPU
	EndGlobalSection
	GlobalSection(ProjectConfigurationPlatforms) = postSolution
		{D81F637B-87D9-4374-AED8-F4E1FC490216}.Debug|Any CPU.ActiveCfg = Debug|Any CPU
		{D81F637B-87D9-4374-AED8-F4E1FC490216}.Debug|Any CPU.Build.0 = Debug|Any CPU
		{D81F637B-87D9-4374-AED8-F4E1FC490216}.Release|Any CPU.ActiveCfg = Release|Any CPU
		{D81F637B-87D9-4374-AED8-F4E1FC490216}.Release|Any CPU.Build.0 = Release|Any CPU
	EndGlobalSection
	GlobalSection(SolutionProperties) = preSolution
		HideSolutionNode = FALSE
	EndGlobalSection
	GlobalSection(ExtensibilityGlobals) = postSolution
		SolutionGuid = {C5B87804-2591-43AF-ACDB-5C09399E64BD}
	EndGlobalSection
EndGlobal
